// !$*UTF8*$!
{
	archiveVersion = 1;
	classes = {
	};
	objectVersion = 55;
	objects = {

/* Begin PBXBuildFile section */
		0A7265E32881B27200ADB1E1 /* AppDelegate.swift in Sources */ = {isa = PBXBuildFile; fileRef = 0A7265E22881B27200ADB1E1 /* AppDelegate.swift */; };
		0A7265E52881B27200ADB1E1 /* SceneDelegate.swift in Sources */ = {isa = PBXBuildFile; fileRef = 0A7265E42881B27200ADB1E1 /* SceneDelegate.swift */; };
		0A7265E72881B27200ADB1E1 /* ViewController.swift in Sources */ = {isa = PBXBuildFile; fileRef = 0A7265E62881B27200ADB1E1 /* ViewController.swift */; };
		0A7265EA2881B27200ADB1E1 /* Main.storyboard in Resources */ = {isa = PBXBuildFile; fileRef = 0A7265E82881B27200ADB1E1 /* Main.storyboard */; };
		0A7265EC2881B27400ADB1E1 /* Assets.xcassets in Resources */ = {isa = PBXBuildFile; fileRef = 0A7265EB2881B27400ADB1E1 /* Assets.xcassets */; };
		0A7265EF2881B27400ADB1E1 /* LaunchScreen.storyboard in Resources */ = {isa = PBXBuildFile; fileRef = 0A7265ED2881B27400ADB1E1 /* LaunchScreen.storyboard */; };
		0A7265FA2881B27400ADB1E1 /* SayiTahminTests.swift in Sources */ = {isa = PBXBuildFile; fileRef = 0A7265F92881B27400ADB1E1 /* SayiTahminTests.swift */; };
		0A7266042881B27400ADB1E1 /* SayiTahminUITests.swift in Sources */ = {isa = PBXBuildFile; fileRef = 0A7266032881B27400ADB1E1 /* SayiTahminUITests.swift */; };
		0A7266062881B27400ADB1E1 /* SayiTahminUITestsLaunchTests.swift in Sources */ = {isa = PBXBuildFile; fileRef = 0A7266052881B27400ADB1E1 /* SayiTahminUITestsLaunchTests.swift */; };
		0A7266132881B61D00ADB1E1 /* TahminEkraniViewController.swift in Sources */ = {isa = PBXBuildFile; fileRef = 0A7266122881B61D00ADB1E1 /* TahminEkraniViewController.swift */; };
		0A7266152881B63800ADB1E1 /* SonucEkraniViewController.swift in Sources */ = {isa = PBXBuildFile; fileRef = 0A7266142881B63800ADB1E1 /* SonucEkraniViewController.swift */; };
/* End PBXBuildFile section */

/* Begin PBXContainerItemProxy section */
		0A7265F62881B27400ADB1E1 /* PBXContainerItemProxy */ = {
			isa = PBXContainerItemProxy;
			containerPortal = 0A7265D72881B27200ADB1E1 /* Project object */;
			proxyType = 1;
			remoteGlobalIDString = 0A7265DE2881B27200ADB1E1;
			remoteInfo = SayiTahmin;
		};
		0A7266002881B27400ADB1E1 /* PBXContainerItemProxy */ = {
			isa = PBXContainerItemProxy;
			containerPortal = 0A7265D72881B27200ADB1E1 /* Project object */;
			proxyType = 1;
			remoteGlobalIDString = 0A7265DE2881B27200ADB1E1;
			remoteInfo = SayiTahmin;
		};
/* End PBXContainerItemProxy section */

/* Begin PBXFileReference section */
		0A7265DF2881B27200ADB1E1 /* SayiTahmin.app */ = {isa = PBXFileReference; explicitFileType = wrapper.application; includeInIndex = 0; path = SayiTahmin.app; sourceTree = BUILT_PRODUCTS_DIR; };
		0A7265E22881B27200ADB1E1 /* AppDelegate.swift */ = {isa = PBXFileReference; lastKnownFileType = sourcecode.swift; path = AppDelegate.swift; sourceTree = "<group>"; };
		0A7265E42881B27200ADB1E1 /* SceneDelegate.swift */ = {isa = PBXFileReference; lastKnownFileType = sourcecode.swift; path = SceneDelegate.swift; sourceTree = "<group>"; };
		0A7265E62881B27200ADB1E1 /* ViewController.swift */ = {isa = PBXFileReference; lastKnownFileType = sourcecode.swift; path = ViewController.swift; sourceTree = "<group>"; };
		0A7265E92881B27200ADB1E1 /* Base */ = {isa = PBXFileReference; lastKnownFileType = file.storyboard; name = Base; path = Base.lproj/Main.storyboard; sourceTree = "<group>"; };
		0A7265EB2881B27400ADB1E1 /* Assets.xcassets */ = {isa = PBXFileReference; lastKnownFileType = folder.assetcatalog; path = Assets.xcassets; sourceTree = "<group>"; };
		0A7265EE2881B27400ADB1E1 /* Base */ = {isa = PBXFileReference; lastKnownFileType = file.storyboard; name = Base; path = Base.lproj/LaunchScreen.storyboard; sourceTree = "<group>"; };
		0A7265F02881B27400ADB1E1 /* Info.plist */ = {isa = PBXFileReference; lastKnownFileType = text.plist.xml; path = Info.plist; sourceTree = "<group>"; };
		0A7265F52881B27400ADB1E1 /* SayiTahminTests.xctest */ = {isa = PBXFileReference; explicitFileType = wrapper.cfbundle; includeInIndex = 0; path = SayiTahminTests.xctest; sourceTree = BUILT_PRODUCTS_DIR; };
		0A7265F92881B27400ADB1E1 /* SayiTahminTests.swift */ = {isa = PBXFileReference; lastKnownFileType = sourcecode.swift; path = SayiTahminTests.swift; sourceTree = "<group>"; };
		0A7265FF2881B27400ADB1E1 /* SayiTahminUITests.xctest */ = {isa = PBXFileReference; explicitFileType = wrapper.cfbundle; includeInIndex = 0; path = SayiTahminUITests.xctest; sourceTree = BUILT_PRODUCTS_DIR; };
		0A7266032881B27400ADB1E1 /* SayiTahminUITests.swift */ = {isa = PBXFileReference; lastKnownFileType = sourcecode.swift; path = SayiTahminUITests.swift; sourceTree = "<group>"; };
		0A7266052881B27400ADB1E1 /* SayiTahminUITestsLaunchTests.swift */ = {isa = PBXFileReference; lastKnownFileType = sourcecode.swift; path = SayiTahminUITestsLaunchTests.swift; sourceTree = "<group>"; };
		0A7266122881B61D00ADB1E1 /* TahminEkraniViewController.swift */ = {isa = PBXFileReference; lastKnownFileType = sourcecode.swift; path = TahminEkraniViewController.swift; sourceTree = "<group>"; };
		0A7266142881B63800ADB1E1 /* SonucEkraniViewController.swift */ = {isa = PBXFileReference; lastKnownFileType = sourcecode.swift; path = SonucEkraniViewController.swift; sourceTree = "<group>"; };
/* End PBXFileReference section */

/* Begin PBXFrameworksBuildPhase section */
		0A7265DC2881B27200ADB1E1 /* Frameworks */ = {
			isa = PBXFrameworksBuildPhase;
			buildActionMask = 2147483647;
			files = (
			);
			runOnlyForDeploymentPostprocessing = 0;
		};
		0A7265F22881B27400ADB1E1 /* Frameworks */ = {
			isa = PBXFrameworksBuildPhase;
			buildActionMask = 2147483647;
			files = (
			);
			runOnlyForDeploymentPostprocessing = 0;
		};
		0A7265FC2881B27400ADB1E1 /* Frameworks */ = {
			isa = PBXFrameworksBuildPhase;
			buildActionMask = 2147483647;
			files = (
			);
			runOnlyForDeploymentPostprocessing = 0;
		};
/* End PBXFrameworksBuildPhase section */

/* Begin PBXGroup section */
		0A7265D62881B27200ADB1E1 = {
			isa = PBXGroup;
			children = (
				0A7265E12881B27200ADB1E1 /* SayiTahmin */,
				0A7265F82881B27400ADB1E1 /* SayiTahminTests */,
				0A7266022881B27400ADB1E1 /* SayiTahminUITests */,
				0A7265E02881B27200ADB1E1 /* Products */,
			);
			sourceTree = "<group>";
		};
		0A7265E02881B27200ADB1E1 /* Products */ = {
			isa = PBXGroup;
			children = (
				0A7265DF2881B27200ADB1E1 /* SayiTahmin.app */,
				0A7265F52881B27400ADB1E1 /* SayiTahminTests.xctest */,
				0A7265FF2881B27400ADB1E1 /* SayiTahminUITests.xctest */,
			);
			name = Products;
			sourceTree = "<group>";
		};
		0A7265E12881B27200ADB1E1 /* SayiTahmin */ = {
			isa = PBXGroup;
			children = (
				0A7265E22881B27200ADB1E1 /* AppDelegate.swift */,
				0A7265E42881B27200ADB1E1 /* SceneDelegate.swift */,
				0A7265E62881B27200ADB1E1 /* ViewController.swift */,
				0A7265E82881B27200ADB1E1 /* Main.storyboard */,
				0A7265EB2881B27400ADB1E1 /* Assets.xcassets */,
				0A7265ED2881B27400ADB1E1 /* LaunchScreen.storyboard */,
				0A7265F02881B27400ADB1E1 /* Info.plist */,
				0A7266122881B61D00ADB1E1 /* TahminEkraniViewController.swift */,
				0A7266142881B63800ADB1E1 /* SonucEkraniViewController.swift */,
			);
			path = SayiTahmin;
			sourceTree = "<group>";
		};
		0A7265F82881B27400ADB1E1 /* SayiTahminTests */ = {
			isa = PBXGroup;
			children = (
				0A7265F92881B27400ADB1E1 /* SayiTahminTests.swift */,
			);
			path = SayiTahminTests;
			sourceTree = "<group>";
		};
		0A7266022881B27400ADB1E1 /* SayiTahminUITests */ = {
			isa = PBXGroup;
			children = (
				0A7266032881B27400ADB1E1 /* SayiTahminUITests.swift */,
				0A7266052881B27400ADB1E1 /* SayiTahminUITestsLaunchTests.swift */,
			);
			path = SayiTahminUITests;
			sourceTree = "<group>";
		};
/* End PBXGroup section */

/* Begin PBXNativeTarget section */
		0A7265DE2881B27200ADB1E1 /* SayiTahmin */ = {
			isa = PBXNativeTarget;
			buildConfigurationList = 0A7266092881B27400ADB1E1 /* Build configuration list for PBXNativeTarget "SayiTahmin" */;
			buildPhases = (
				0A7265DB2881B27200ADB1E1 /* Sources */,
				0A7265DC2881B27200ADB1E1 /* Frameworks */,
				0A7265DD2881B27200ADB1E1 /* Resources */,
			);
			buildRules = (
			);
			dependencies = (
			);
			name = SayiTahmin;
			productName = SayiTahmin;
			productReference = 0A7265DF2881B27200ADB1E1 /* SayiTahmin.app */;
			productType = "com.apple.product-type.application";
		};
		0A7265F42881B27400ADB1E1 /* SayiTahminTests */ = {
			isa = PBXNativeTarget;
			buildConfigurationList = 0A72660C2881B27400ADB1E1 /* Build configuration list for PBXNativeTarget "SayiTahminTests" */;
			buildPhases = (
				0A7265F12881B27400ADB1E1 /* Sources */,
				0A7265F22881B27400ADB1E1 /* Frameworks */,
				0A7265F32881B27400ADB1E1 /* Resources */,
			);
			buildRules = (
			);
			dependencies = (
				0A7265F72881B27400ADB1E1 /* PBXTargetDependency */,
			);
			name = SayiTahminTests;
			productName = SayiTahminTests;
			productReference = 0A7265F52881B27400ADB1E1 /* SayiTahminTests.xctest */;
			productType = "com.apple.product-type.bundle.unit-test";
		};
		0A7265FE2881B27400ADB1E1 /* SayiTahminUITests */ = {
			isa = PBXNativeTarget;
			buildConfigurationList = 0A72660F2881B27400ADB1E1 /* Build configuration list for PBXNativeTarget "SayiTahminUITests" */;
			buildPhases = (
				0A7265FB2881B27400ADB1E1 /* Sources */,
				0A7265FC2881B27400ADB1E1 /* Frameworks */,
				0A7265FD2881B27400ADB1E1 /* Resources */,
			);
			buildRules = (
			);
			dependencies = (
				0A7266012881B27400ADB1E1 /* PBXTargetDependency */,
			);
			name = SayiTahminUITests;
			productName = SayiTahminUITests;
			productReference = 0A7265FF2881B27400ADB1E1 /* SayiTahminUITests.xctest */;
			productType = "com.apple.product-type.bundle.ui-testing";
		};
/* End PBXNativeTarget section */

/* Begin PBXProject section */
		0A7265D72881B27200ADB1E1 /* Project object */ = {
			isa = PBXProject;
			attributes = {
				BuildIndependentTargetsInParallel = 1;
				LastSwiftUpdateCheck = 1340;
				LastUpgradeCheck = 1340;
				TargetAttributes = {
					0A7265DE2881B27200ADB1E1 = {
						CreatedOnToolsVersion = 13.4.1;
					};
					0A7265F42881B27400ADB1E1 = {
						CreatedOnToolsVersion = 13.4.1;
						TestTargetID = 0A7265DE2881B27200ADB1E1;
					};
					0A7265FE2881B27400ADB1E1 = {
						CreatedOnToolsVersion = 13.4.1;
						TestTargetID = 0A7265DE2881B27200ADB1E1;
					};
				};
			};
			buildConfigurationList = 0A7265DA2881B27200ADB1E1 /* Build configuration list for PBXProject "SayiTahmin" */;
			compatibilityVersion = "Xcode 13.0";
			developmentRegion = en;
			hasScannedForEncodings = 0;
			knownRegions = (
				en,
				Base,
			);
			mainGroup = 0A7265D62881B27200ADB1E1;
			productRefGroup = 0A7265E02881B27200ADB1E1 /* Products */;
			projectDirPath = "";
			projectRoot = "";
			targets = (
				0A7265DE2881B27200ADB1E1 /* SayiTahmin */,
				0A7265F42881B27400ADB1E1 /* SayiTahminTests */,
				0A7265FE2881B27400ADB1E1 /* SayiTahminUITests */,
			);
		};
/* End PBXProject section */

/* Begin PBXResourcesBuildPhase section */
		0A7265DD2881B27200ADB1E1 /* Resources */ = {
			isa = PBXResourcesBuildPhase;
			buildActionMask = 2147483647;
			files = (
				0A7265EF2881B27400ADB1E1 /* LaunchScreen.storyboard in Resources */,
				0A7265EC2881B27400ADB1E1 /* Assets.xcassets in Resources */,
				0A7265EA2881B27200ADB1E1 /* Main.storyboard in Resources */,
			);
			runOnlyForDeploymentPostprocessing = 0;
		};
		0A7265F32881B27400ADB1E1 /* Resources */ = {
			isa = PBXResourcesBuildPhase;
			buildActionMask = 2147483647;
			files = (
			);
			runOnlyForDeploymentPostprocessing = 0;
		};
		0A7265FD2881B27400ADB1E1 /* Resources */ = {
			isa = PBXResourcesBuildPhase;
			buildActionMask = 2147483647;
			files = (
			);
			runOnlyForDeploymentPostprocessing = 0;
		};
/* End PBXResourcesBuildPhase section */

/* Begin PBXSourcesBuildPhase section */
		0A7265DB2881B27200ADB1E1 /* Sources */ = {
			isa = PBXSourcesBuildPhase;
			buildActionMask = 2147483647;
			files = (
				0A7265E72881B27200ADB1E1 /* ViewController.swift in Sources */,
				0A7265E32881B27200ADB1E1 /* AppDelegate.swift in Sources */,
				0A7266132881B61D00ADB1E1 /* TahminEkraniViewController.swift in Sources */,
				0A7266152881B63800ADB1E1 /* SonucEkraniViewController.swift in Sources */,
				0A7265E52881B27200ADB1E1 /* SceneDelegate.swift in Sources */,
			);
			runOnlyForDeploymentPostprocessing = 0;
		};
		0A7265F12881B27400ADB1E1 /* Sources */ = {
			isa = PBXSourcesBuildPhase;
			buildActionMask = 2147483647;
			files = (
				0A7265FA2881B27400ADB1E1 /* SayiTahminTests.swift in Sources */,
			);
			runOnlyForDeploymentPostprocessing = 0;
		};
		0A7265FB2881B27400ADB1E1 /* Sources */ = {
			isa = PBXSourcesBuildPhase;
			buildActionMask = 2147483647;
			files = (
				0A7266042881B27400ADB1E1 /* SayiTahminUITests.swift in Sources */,
				0A7266062881B27400ADB1E1 /* SayiTahminUITestsLaunchTests.swift in Sources */,
			);
			runOnlyForDeploymentPostprocessing = 0;
		};
/* End PBXSourcesBuildPhase section */

/* Begin PBXTargetDependency section */
		0A7265F72881B27400ADB1E1 /* PBXTargetDependency */ = {
			isa = PBXTargetDependency;
			target = 0A7265DE2881B27200ADB1E1 /* SayiTahmin */;
			targetProxy = 0A7265F62881B27400ADB1E1 /* PBXContainerItemProxy */;
		};
		0A7266012881B27400ADB1E1 /* PBXTargetDependency */ = {
			isa = PBXTargetDependency;
			target = 0A7265DE2881B27200ADB1E1 /* SayiTahmin */;
			targetProxy = 0A7266002881B27400ADB1E1 /* PBXContainerItemProxy */;
		};
/* End PBXTargetDependency section */

/* Begin PBXVariantGroup section */
		0A7265E82881B27200ADB1E1 /* Main.storyboard */ = {
			isa = PBXVariantGroup;
			children = (
				0A7265E92881B27200ADB1E1 /* Base */,
			);
			name = Main.storyboard;
			sourceTree = "<group>";
		};
		0A7265ED2881B27400ADB1E1 /* LaunchScreen.storyboard */ = {
			isa = PBXVariantGroup;
			children = (
				0A7265EE2881B27400ADB1E1 /* Base */,
			);
			name = LaunchScreen.storyboard;
			sourceTree = "<group>";
		};
/* End PBXVariantGroup section */

/* Begin XCBuildConfiguration section */
		0A7266072881B27400ADB1E1 /* Debug */ = {
			isa = XCBuildConfiguration;
			buildSettings = {
				ALWAYS_SEARCH_USER_PATHS = NO;
				CLANG_ANALYZER_NONNULL = YES;
				CLANG_ANALYZER_NUMBER_OBJECT_CONVERSION = YES_AGGRESSIVE;
				CLANG_CXX_LANGUAGE_STANDARD = "gnu++17";
				CLANG_ENABLE_MODULES = YES;
				CLANG_ENABLE_OBJC_ARC = YES;
				CLANG_ENABLE_OBJC_WEAK = YES;
				CLANG_WARN_BLOCK_CAPTURE_AUTORELEASING = YES;
				CLANG_WARN_BOOL_CONVERSION = YES;
				CLANG_WARN_COMMA = YES;
				CLANG_WARN_CONSTANT_CONVERSION = YES;
				CLANG_WARN_DEPRECATED_OBJC_IMPLEMENTATIONS = YES;
				CLANG_WARN_DIRECT_OBJC_ISA_USAGE = YES_ERROR;
				CLANG_WARN_DOCUMENTATION_COMMENTS = YES;
				CLANG_WARN_EMPTY_BODY = YES;
				CLANG_WARN_ENUM_CONVERSION = YES;
				CLANG_WARN_INFINITE_RECURSION = YES;
				CLANG_WARN_INT_CONVERSION = YES;
				CLANG_WARN_NON_LITERAL_NULL_CONVERSION = YES;
				CLANG_WARN_OBJC_IMPLICIT_RETAIN_SELF = YES;
				CLANG_WARN_OBJC_LITERAL_CONVERSION = YES;
				CLANG_WARN_OBJC_ROOT_CLASS = YES_ERROR;
				CLANG_WARN_QUOTED_INCLUDE_IN_FRAMEWORK_HEADER = YES;
				CLANG_WARN_RANGE_LOOP_ANALYSIS = YES;
				CLANG_WARN_STRICT_PROTOTYPES = YES;
				CLANG_WARN_SUSPICIOUS_MOVE = YES;
				CLANG_WARN_UNGUARDED_AVAILABILITY = YES_AGGRESSIVE;
				CLANG_WARN_UNREACHABLE_CODE = YES;
				CLANG_WARN__DUPLICATE_METHOD_MATCH = YES;
				COPY_PHASE_STRIP = NO;
				DEBUG_INFORMATION_FORMAT = dwarf;
				ENABLE_STRICT_OBJC_MSGSEND = YES;
				ENABLE_TESTABILITY = YES;
				GCC_C_LANGUAGE_STANDARD = gnu11;
				GCC_DYNAMIC_NO_PIC = NO;
				GCC_NO_COMMON_BLOCKS = YES;
				GCC_OPTIMIZATION_LEVEL = 0;
				GCC_PREPROCESSOR_DEFINITIONS = (
					"DEBUG=1",
					"$(inherited)",
				);
				GCC_WARN_64_TO_32_BIT_CONVERSION = YES;
				GCC_WARN_ABOUT_RETURN_TYPE = YES_ERROR;
				GCC_WARN_UNDECLARED_SELECTOR = YES;
				GCC_WARN_UNINITIALIZED_AUTOS = YES_AGGRESSIVE;
				GCC_WARN_UNUSED_FUNCTION = YES;
				GCC_WARN_UNUSED_VARIABLE = YES;
				IPHONEOS_DEPLOYMENT_TARGET = 15.5;
				MTL_ENABLE_DEBUG_INFO = INCLUDE_SOURCE;
				MTL_FAST_MATH = YES;
				ONLY_ACTIVE_ARCH = YES;
				SDKROOT = iphoneos;
				SWIFT_ACTIVE_COMPILATION_CONDITIONS = DEBUG;
				SWIFT_OPTIMIZATION_LEVEL = "-Onone";
			};
			name = Debug;
		};
		0A7266082881B27400ADB1E1 /* Release */ = {
			isa = XCBuildConfiguration;
			buildSettings = {
				ALWAYS_SEARCH_USER_PATHS = NO;
				CLANG_ANALYZER_NONNULL = YES;
				CLANG_ANALYZER_NUMBER_OBJECT_CONVERSION = YES_AGGRESSIVE;
				CLANG_CXX_LANGUAGE_STANDARD = "gnu++17";
				CLANG_ENABLE_MODULES = YES;
				CLANG_ENABLE_OBJC_ARC = YES;
				CLANG_ENABLE_OBJC_WEAK = YES;
				CLANG_WARN_BLOCK_CAPTURE_AUTORELEASING = YES;
				CLANG_WARN_BOOL_CONVERSION = YES;
				CLANG_WARN_COMMA = YES;
				CLANG_WARN_CONSTANT_CONVERSION = YES;
				CLANG_WARN_DEPRECATED_OBJC_IMPLEMENTATIONS = YES;
				CLANG_WARN_DIRECT_OBJC_ISA_USAGE = YES_ERROR;
				CLANG_WARN_DOCUMENTATION_COMMENTS = YES;
				CLANG_WARN_EMPTY_BODY = YES;
				CLANG_WARN_ENUM_CONVERSION = YES;
				CLANG_WARN_INFINITE_RECURSION = YES;
				CLANG_WARN_INT_CONVERSION = YES;
				CLANG_WARN_NON_LITERAL_NULL_CONVERSION = YES;
				CLANG_WARN_OBJC_IMPLICIT_RETAIN_SELF = YES;
				CLANG_WARN_OBJC_LITERAL_CONVERSION = YES;
				CLANG_WARN_OBJC_ROOT_CLASS = YES_ERROR;
				CLANG_WARN_QUOTED_INCLUDE_IN_FRAMEWORK_HEADER = YES;
				CLANG_WARN_RANGE_LOOP_ANALYSIS = YES;
				CLANG_WARN_STRICT_PROTOTYPES = YES;
				CLANG_WARN_SUSPICIOUS_MOVE = YES;
				CLANG_WARN_UNGUARDED_AVAILABILITY = YES_AGGRESSIVE;
				CLANG_WARN_UNREACHABLE_CODE = YES;
				CLANG_WARN__DUPLICATE_METHOD_MATCH = YES;
				COPY_PHASE_STRIP = NO;
				DEBUG_INFORMATION_FORMAT = "dwarf-with-dsym";
				ENABLE_NS_ASSERTIONS = NO;
				ENABLE_STRICT_OBJC_MSGSEND = YES;
				GCC_C_LANGUAGE_STANDARD = gnu11;
				GCC_NO_COMMON_BLOCKS = YES;
				GCC_WARN_64_TO_32_BIT_CONVERSION = YES;
				GCC_WARN_ABOUT_RETURN_TYPE = YES_ERROR;
				GCC_WARN_UNDECLARED_SELECTOR = YES;
				GCC_WARN_UNINITIALIZED_AUTOS = YES_AGGRESSIVE;
				GCC_WARN_UNUSED_FUNCTION = YES;
				GCC_WARN_UNUSED_VARIABLE = YES;
				IPHONEOS_DEPLOYMENT_TARGET = 15.5;
				MTL_ENABLE_DEBUG_INFO = NO;
				MTL_FAST_MATH = YES;
				SDKROOT = iphoneos;
				SWIFT_COMPILATION_MODE = wholemodule;
				SWIFT_OPTIMIZATION_LEVEL = "-O";
				VALIDATE_PRODUCT = YES;
			};
			name = Release;
		};
		0A72660A2881B27400ADB1E1 /* Debug */ = {
			isa = XCBuildConfiguration;
			buildSettings = {
				ASSETCATALOG_COMPILER_APPICON_NAME = AppIcon;
				ASSETCATALOG_COMPILER_GLOBAL_ACCENT_COLOR_NAME = AccentColor;
				CODE_SIGN_STYLE = Automatic;
				CURRENT_PROJECT_VERSION = 1;
				GENERATE_INFOPLIST_FILE = YES;
				INFOPLIST_FILE = SayiTahmin/Info.plist;
				INFOPLIST_KEY_UIApplicationSupportsIndirectInputEvents = YES;
				INFOPLIST_KEY_UILaunchStoryboardName = LaunchScreen;
				INFOPLIST_KEY_UIMainStoryboardFile = Main;
				INFOPLIST_KEY_UISupportedInterfaceOrientations_iPad = "UIInterfaceOrientationPortrait UIInterfaceOrientationPortraitUpsideDown UIInterfaceOrientationLandscapeLeft UIInterfaceOrientationLandscapeRight";
				INFOPLIST_KEY_UISupportedInterfaceOrientations_iPhone = "UIInterfaceOrientationPortrait UIInterfaceOrientationLandscapeLeft UIInterfaceOrientationLandscapeRight";
				LD_RUNPATH_SEARCH_PATHS = (
					"$(inherited)",
					"@executable_path/Frameworks",
				);
				MARKETING_VERSION = 1.0;
				PRODUCT_BUNDLE_IDENTIFIER = info.SayiTahmin;
				PRODUCT_NAME = "$(TARGET_NAME)";
				SWIFT_EMIT_LOC_STRINGS = YES;
				SWIFT_VERSION = 5.0;
				TARGETED_DEVICE_FAMILY = "1,2";
			};
			name = Debug;
		};
		0A72660B2881B27400ADB1E1 /* Release */ = {
			isa = XCBuildConfiguration;
			buildSettings = {
				ASSETCATALOG_COMPILER_APPICON_NAME = AppIcon;
				ASSETCATALOG_COMPILER_GLOBAL_ACCENT_COLOR_NAME = AccentColor;
				CODE_SIGN_STYLE = Automatic;
				CURRENT_PROJECT_VERSION = 1;
				GENERATE_INFOPLIST_FILE = YES;
				INFOPLIST_FILE = SayiTahmin/Info.plist;
				INFOPLIST_KEY_UIApplicationSupportsIndirectInputEvents = YES;
				INFOPLIST_KEY_UILaunchStoryboardName = LaunchScreen;
				INFOPLIST_KEY_UIMainStoryboardFile = Main;
				INFOPLIST_KEY_UISupportedInterfaceOrientations_iPad = "UIInterfaceOrientationPortrait UIInterfaceOrientationPortraitUpsideDown UIInterfaceOrientationLandscapeLeft UIInterfaceOrientationLandscapeRight";
				INFOPLIST_KEY_UISupportedInterfaceOrientations_iPhone = "UIInterfaceOrientationPortrait UIInterfaceOrientationLandscapeLeft UIInterfaceOrientationLandscapeRight";
				LD_RUNPATH_SEARCH_PATHS = (
					"$(inherited)",
					"@executable_path/Frameworks",
				);
				MARKETING_VERSION = 1.0;
				PRODUCT_BUNDLE_IDENTIFIER = info.SayiTahmin;
				PRODUCT_NAME = "$(TARGET_NAME)";
				SWIFT_EMIT_LOC_STRINGS = YES;
				SWIFT_VERSION = 5.0;
				TARGETED_DEVICE_FAMILY = "1,2";
			};
			name = Release;
		};
		0A72660D2881B27400ADB1E1 /* Debug */ = {
			isa = XCBuildConfiguration;
			buildSettings = {
				ALWAYS_EMBED_SWIFT_STANDARD_LIBRARIES = YES;
				BUNDLE_LOADER = "$(TEST_HOST)";
				CODE_SIGN_STYLE = Automatic;
				CURRENT_PROJECT_VERSION = 1;
				GENERATE_INFOPLIST_FILE = YES;
				IPHONEOS_DEPLOYMENT_TARGET = 15.5;
				MARKETING_VERSION = 1.0;
				PRODUCT_BUNDLE_IDENTIFIER = info.SayiTahminTests;
				PRODUCT_NAME = "$(TARGET_NAME)";
				SWIFT_EMIT_LOC_STRINGS = NO;
				SWIFT_VERSION = 5.0;
				TARGETED_DEVICE_FAMILY = "1,2";
				TEST_HOST = "$(BUILT_PRODUCTS_DIR)/SayiTahmin.app/SayiTahmin";
			};
			name = Debug;
		};
		0A72660E2881B27400ADB1E1 /* Release */ = {
			isa = XCBuildConfiguration;
			buildSettings = {
				ALWAYS_EMBED_SWIFT_STANDARD_LIBRARIES = YES;
				BUNDLE_LOADER = "$(TEST_HOST)";
				CODE_SIGN_STYLE = Automatic;
				CURRENT_PROJECT_VERSION = 1;
				GENERATE_INFOPLIST_FILE = YES;
				IPHONEOS_DEPLOYMENT_TARGET = 15.5;
				MARKETING_VERSION = 1.0;
				PRODUCT_BUNDLE_IDENTIFIER = info.SayiTahminTests;
				PRODUCT_NAME = "$(TARGET_NAME)";
				SWIFT_EMIT_LOC_STRINGS = NO;
				SWIFT_VERSION = 5.0;
				TARGETED_DEVICE_FAMILY = "1,2";
				TEST_HOST = "$(BUILT_PRODUCTS_DIR)/SayiTahmin.app/SayiTahmin";
			};
			name = Release;
		};
		0A7266102881B27400ADB1E1 /* Debug */ = {
			isa = XCBuildConfiguration;
			buildSettings = {
				ALWAYS_EMBED_SWIFT_STANDARD_LIBRARIES = YES;
				CODE_SIGN_STYLE = Automatic;
				CURRENT_PROJECT_VERSION = 1;
				GENERATE_INFOPLIST_FILE = YES;
				MARKETING_VERSION = 1.0;
				PRODUCT_BUNDLE_IDENTIFIER = info.SayiTahminUITests;
				PRODUCT_NAME = "$(TARGET_NAME)";
				SWIFT_EMIT_LOC_STRINGS = NO;
				SWIFT_VERSION = 5.0;
				TARGETED_DEVICE_FAMILY = "1,2";
				TEST_TARGET_NAME = SayiTahmin;
			};
			name = Debug;
		};
		0A7266112881B27400ADB1E1 /* Release */ = {
			isa = XCBuildConfiguration;
			buildSettings = {
				ALWAYS_EMBED_SWIFT_STANDARD_LIBRARIES = YES;
				CODE_SIGN_STYLE = Automatic;
				CURRENT_PROJECT_VERSION = 1;
				GENERATE_INFOPLIST_FILE = YES;
				MARKETING_VERSION = 1.0;
				PRODUCT_BUNDLE_IDENTIFIER = info.SayiTahminUITests;
				PRODUCT_NAME = "$(TARGET_NAME)";
				SWIFT_EMIT_LOC_STRINGS = NO;
				SWIFT_VERSION = 5.0;
				TARGETED_DEVICE_FAMILY = "1,2";
				TEST_TARGET_NAME = SayiTahmin;
			};
			name = Release;
		};
/* End XCBuildConfiguration section */

/* Begin XCConfigurationList section */
		0A7265DA2881B27200ADB1E1 /* Build configuration list for PBXProject "SayiTahmin" */ = {
			isa = XCConfigurationList;
			buildConfigurations = (
				0A7266072881B27400ADB1E1 /* Debug */,
				0A7266082881B27400ADB1E1 /* Release */,
			);
			defaultConfigurationIsVisible = 0;
			defaultConfigurationName = Release;
		};
		0A7266092881B27400ADB1E1 /* Build configuration list for PBXNativeTarget "SayiTahmin" */ = {
			isa = XCConfigurationList;
			buildConfigurations = (
				0A72660A2881B27400ADB1E1 /* Debug */,
				0A72660B2881B27400ADB1E1 /* Release */,
			);
			defaultConfigurationIsVisible = 0;
			defaultConfigurationName = Release;
		};
		0A72660C2881B27400ADB1E1 /* Build configuration list for PBXNativeTarget "SayiTahminTests" */ = {
			isa = XCConfigurationList;
			buildConfigurations = (
				0A72660D2881B27400ADB1E1 /* Debug */,
				0A72660E2881B27400ADB1E1 /* Release */,
			);
			defaultConfigurationIsVisible = 0;
			defaultConfigurationName = Release;
		};
		0A72660F2881B27400ADB1E1 /* Build configuration list for PBXNativeTarget "SayiTahminUITests" */ = {
			isa = XCConfigurationList;
			buildConfigurations = (
				0A7266102881B27400ADB1E1 /* Debug */,
				0A7266112881B27400ADB1E1 /* Release */,
			);
			defaultConfigurationIsVisible = 0;
			defaultConfigurationName = Release;
		};
/* End XCConfigurationList section */
	};
	rootObject = 0A7265D72881B27200ADB1E1 /* Project object */;
}
